
Microsoft Visual Studio Solution File, Format Version 12.00
# Visual Studio 15
Project("{FAE04EC0-301F-11D3-BF4B-00C04F79EFBC}") = "ASPNetWebAPIAtAzureTest", "ASPNetWebAPIAtAzureTest\ASPNetWebAPIAtAzureTest.csproj", "{265924F0-332A-4C53-BC54-C1B994CDDA33}"
EndProject
Global
	GlobalSection(SolutionConfigurationPlatforms) = preSolution
		Debug|Any CPU = Debug|Any CPU
		Release|Any CPU = Release|Any CPU
	EndGlobalSection
	GlobalSection(ProjectConfigurationPlatforms) = postSolution
		{265924F0-332A-4C53-BC54-C1B994CDDA33}.Debug|Any CPU.ActiveCfg = Debug|Any CPU
		{265924F0-332A-4C53-BC54-C1B994CDDA33}.Debug|Any CPU.Build.0 = Debug|Any CPU
		{265924F0-332A-4C53-BC54-C1B994CDDA33}.Release|Any CPU.ActiveCfg = Release|Any CPU
		{265924F0-332A-4C53-BC54-C1B994CDDA33}.Release|Any CPU.Build.0 = Release|Any CPU
	EndGlobalSection
EndGlobal
